
Microsoft Visual Studio Solution File, Format Version 12.00
# Visual Studio Version 17
VisualStudioVersion = 17.5.002.0
MinimumVisualStudioVersion = 10.0.40219.1
Project("{9A19103F-16F7-4668-BE54-9A1E7A4F7556}") = "TelefonRehberUygulamasi", "TelefonRehberUygulamasi.csproj", "{1C03B769-2EDC-4657-A3C6-79DC79295E02}"
EndProject
Global
	GlobalSection(SolutionConfigurationPlatforms) = preSolution
		Debug|Any CPU = Debug|Any CPU
		Release|Any CPU = Release|Any CPU
	EndGlobalSection
	GlobalSection(ProjectConfigurationPlatforms) = postSolution
		{1C03B769-2EDC-4657-A3C6-79DC79295E02}.Debug|Any CPU.ActiveCfg = Debug|Any CPU
		{1C03B769-2EDC-4657-A3C6-79DC79295E02}.Debug|Any CPU.Build.0 = Debug|Any CPU
		{1C03B769-2EDC-4657-A3C6-79DC79295E02}.Release|Any CPU.ActiveCfg = Release|Any CPU
		{1C03B769-2EDC-4657-A3C6-79DC79295E02}.Release|Any CPU.Build.0 = Release|Any CPU
	EndGlobalSection
	GlobalSection(SolutionProperties) = preSolution
		HideSolutionNode = FALSE
	EndGlobalSection
	GlobalSection(ExtensibilityGlobals) = postSolution
		SolutionGuid = {9B1A7165-A3D7-4A15-9104-B9DC53B95F72}
	EndGlobalSection
EndGlobal
